
Microsoft Visual Studio Solution File, Format Version 12.00
# Visual Studio Version 17
VisualStudioVersion = 17.10.35122.118
MinimumVisualStudioVersion = 10.0.40219.1
Project("{2150E333-8FDC-42A3-9474-1A3956D46DE8}") = "Services", "Services", "{244B13F9-25DF-4267-AE4E-0BA40F9786CC}"
EndProject
Project("{2150E333-8FDC-42A3-9474-1A3956D46DE8}") = "Catalog", "Catalog", "{D7DD8FCC-F1F3-49BA-9CE5-C7C86B5D8B88}"
EndProject
Project("{9A19103F-16F7-4668-BE54-9A1E7A4F7556}") = "MultiShop.Catalog", "Catalog\MultiShop.Catalog\MultiShop.Catalog.csproj", "{A066CE09-490E-4208-8491-116A5578E708}"
EndProject
Project("{2150E333-8FDC-42A3-9474-1A3956D46DE8}") = "Discount", "Discount", "{6A584956-1D2A-4A69-AE03-7B690D31435A}"
EndProject
Project("{9A19103F-16F7-4668-BE54-9A1E7A4F7556}") = "MultiShop.Discount", "Services\Discount\MultiShop.Discount\MultiShop.Discount.csproj", "{81734052-5024-4AAD-B694-FBB177009129}"
EndProject
Project("{2150E333-8FDC-42A3-9474-1A3956D46DE8}") = "Order", "Order", "{957D8781-C7CD-4C4B-AC42-4B3C54E185DC}"
EndProject
Project("{2150E333-8FDC-42A3-9474-1A3956D46DE8}") = "Presentation", "Presentation", "{811AB96C-43A9-4C62-BFC2-DAB1D6DD93C6}"
EndProject
Project("{2150E333-8FDC-42A3-9474-1A3956D46DE8}") = "Core", "Core", "{3A431CD2-C8ED-40EC-A8A0-F04ECD7B5631}"
EndProject
Project("{2150E333-8FDC-42A3-9474-1A3956D46DE8}") = "Infrastructer", "Infrastructer", "{381CA212-B895-4A56-B613-2A099102546A}"
EndProject
Project("{9A19103F-16F7-4668-BE54-9A1E7A4F7556}") = "MultiShop.Order.Domain", "Services\Order\Core\MultiShop.Order.Domain\MultiShop.Order.Domain.csproj", "{C0081B39-3D72-42EC-91B5-AE64234707E2}"
EndProject
Project("{9A19103F-16F7-4668-BE54-9A1E7A4F7556}") = "MultiShop.Order.Application", "Services\Order\Core\MultiShop.Order.Application\MultiShop.Order.Application.csproj", "{051E539D-0012-45C7-AD70-8AA5E15483C6}"
EndProject
Project("{9A19103F-16F7-4668-BE54-9A1E7A4F7556}") = "MultiShop.Order.Persistence", "Services\Order\Infrastructure\MultiShop.Order.Persistence\MultiShop.Order.Persistence.csproj", "{6FA0C47B-4D82-4959-8954-1BCD9B64D4D5}"
EndProject
Project("{9A19103F-16F7-4668-BE54-9A1E7A4F7556}") = "MultiShop.Order.WebApi", "Services\Order\Presentation\MultiShop.Order.WebApi\MultiShop.Order.WebApi.csproj", "{6D7E01A3-AF80-4B84-8D0B-BB010E65D745}"
EndProject
Project("{2150E333-8FDC-42A3-9474-1A3956D46DE8}") = "IdentityServer", "IdentityServer", "{15A06FAB-2E82-436B-8439-30A5BD4B3BDB}"
EndProject
Project("{9A19103F-16F7-4668-BE54-9A1E7A4F7556}") = "MultiShop.IdentityServer", "IdentityServer\MultiShop.IdentityServer\MultiShop.IdentityServer.csproj", "{48CCDFD5-2D2D-484E-82E3-7F38A565B27F}"
EndProject
Project("{2150E333-8FDC-42A3-9474-1A3956D46DE8}") = "Requirements", "Requirements", "{68227022-0645-4723-9E4B-64A172C56619}"
	ProjectSection(SolutionItems) = preProject
		IdentityServerVersionErrorSolution.txt = IdentityServerVersionErrorSolution.txt
		LoginIndex.txt = LoginIndex.txt
		OcelotCode.txt = OcelotCode.txt
		OcelotLink.txt = OcelotLink.txt
		PortainerCmd.txt = PortainerCmd.txt
		PortNumber.txt = PortNumber.txt
		Users.txt = Users.txt
	EndProjectSection
EndProject
Project("{2150E333-8FDC-42A3-9474-1A3956D46DE8}") = "Cargo", "Cargo", "{D51A039F-E47C-4584-900B-281E6DBD142B}"
EndProject
Project("{9A19103F-16F7-4668-BE54-9A1E7A4F7556}") = "MultiShop.Cargo.BusinessLayer", "Services\Cargo\MultiShop.Cargo.BusinessLayer\MultiShop.Cargo.BusinessLayer.csproj", "{0FE91C6C-3FE3-47C3-B519-60C3685CE893}"
EndProject
Project("{9A19103F-16F7-4668-BE54-9A1E7A4F7556}") = "MultiShop.Cargo.DataAccessLayer", "Services\Cargo\MultiShop.Cargo.DataAccessLayer\MultiShop.Cargo.DataAccessLayer.csproj", "{600A34B0-7743-41BE-A273-1A7008AC79E0}"
EndProject
Project("{9A19103F-16F7-4668-BE54-9A1E7A4F7556}") = "MultiShop.Cargo.DtoLayer", "Services\Cargo\MultiShop.Cargo.DtoLayer\MultiShop.Cargo.DtoLayer.csproj", "{1DCCE3E6-2CF2-4329-AB04-EF2566D6C105}"
EndProject
Project("{9A19103F-16F7-4668-BE54-9A1E7A4F7556}") = "MultiShop.Cargo.EntityLayer", "Services\Cargo\MultiShop.Cargo.EntityLayer\MultiShop.Cargo.EntityLayer.csproj", "{02A89707-D33D-4656-9620-C8CE90071FF0}"
EndProject
Project("{9A19103F-16F7-4668-BE54-9A1E7A4F7556}") = "MultiShop.Cargo.WebApi", "Services\Cargo\MultiShop.Cargo.WebApi\MultiShop.Cargo.WebApi.csproj", "{10771B1F-1092-4DB8-A473-C61F52BB8841}"
EndProject
Project("{9A19103F-16F7-4668-BE54-9A1E7A4F7556}") = "MultiShop.Basket", "Services\Basket\MultiShop.Basket\MultiShop.Basket.csproj", "{1AB47A2B-BCDD-4447-8D70-61D0524D2964}"
EndProject
Project("{2150E333-8FDC-42A3-9474-1A3956D46DE8}") = "Frontends", "Frontends", "{C243FB17-8180-430A-8F5B-FAFFEB28B03C}"
EndProject
Project("{9A19103F-16F7-4668-BE54-9A1E7A4F7556}") = "MultiShop.WebUI", "Frontends\MultiShop.WebUI\MultiShop.WebUI.csproj", "{5E1C10D1-1813-426D-AA4C-23DD0384C8B7}"
EndProject
Project("{9A19103F-16F7-4668-BE54-9A1E7A4F7556}") = "MultiShop.DtoLayer", "Frontends\MultiShop.DtoLayer\MultiShop.DtoLayer.csproj", "{E79D133A-BCB2-4A2C-B191-BE6A5A146B2B}"
EndProject
Project("{2150E333-8FDC-42A3-9474-1A3956D46DE8}") = "Comment", "Comment", "{077BF29B-D7AF-4B75-90BF-90B6C0384C40}"
EndProject
Project("{9A19103F-16F7-4668-BE54-9A1E7A4F7556}") = "MutliShop.Comment", "Services\Comment\MutliShop.Comment\MutliShop.Comment.csproj", "{C63CDA4F-2544-4F72-BE7C-59403E77AA2A}"
EndProject
Project("{2150E333-8FDC-42A3-9474-1A3956D46DE8}") = "ApiGateway", "ApiGateway", "{DB2F586B-1AA9-4B31-8234-7293A7365760}"
EndProject
Project("{2150E333-8FDC-42A3-9474-1A3956D46DE8}") = "RapidApi", "RapidApi", "{46F2ED81-2FB4-49EC-AEDA-2035C1B43666}"
EndProject
Project("{9A19103F-16F7-4668-BE54-9A1E7A4F7556}") = "MultiShop.OcelotGateway", "ApiGateway\MultiShop.OcelotGateway\MultiShop.OcelotGateway.csproj", "{EFD56BBC-EC6F-48A4-8410-05B7B4B916C7}"
EndProject
Project("{2150E333-8FDC-42A3-9474-1A3956D46DE8}") = "Payment", "Payment", "{25337625-F967-4752-BB5C-CF9DA825ADEB}"
EndProject
Project("{2150E333-8FDC-42A3-9474-1A3956D46DE8}") = "Images", "Images", "{5FACF57C-7F63-4B40-B370-1ACFDB300827}"
EndProject
Project("{9A19103F-16F7-4668-BE54-9A1E7A4F7556}") = "MultiShop.Payments", "Services\Payment\MultiShop.Payments\MultiShop.Payments.csproj", "{60BB7D7E-AF68-4389-8617-4669144AC3F5}"
EndProject
Project("{9A19103F-16F7-4668-BE54-9A1E7A4F7556}") = "MultiShop.Images", "Services\Images\MultiShop.Images\MultiShop.Images.csproj", "{6B833AD9-942E-4876-8158-21CE457C872D}"
EndProject
Project("{2150E333-8FDC-42A3-9474-1A3956D46DE8}") = "Basket", "Basket", "{BF9DAB66-20A1-41EC-9350-0E153039E8C2}"
EndProject
Project("{2150E333-8FDC-42A3-9474-1A3956D46DE8}") = "Message", "Message", "{B86CF175-70EB-4D03-BB23-B9A7829E4DB4}"
EndProject
Project("{9A19103F-16F7-4668-BE54-9A1E7A4F7556}") = "MultiShop.Message", "Services\Message\MultiShop.Message\MultiShop.Message.csproj", "{74BAEDC2-A928-4BE6-A9F4-163C2955655F}"
EndProject
Project("{9A19103F-16F7-4668-BE54-9A1E7A4F7556}") = "MultiShop.SignalRRealTime", "Services\SignalRRealTime\MultiShop.SignalRRealTime\MultiShop.SignalRRealTime.csproj", "{812D8750-E1B2-44E1-AC9F-38669AE6A5A9}"
EndProject
Project("{2150E333-8FDC-42A3-9474-1A3956D46DE8}") = "SignalRRealTime", "SignalRRealTime", "{33A67442-88E2-49F1-AEF7-33ED1A1A18B2}"
EndProject
Project("{2150E333-8FDC-42A3-9474-1A3956D46DE8}") = "RabbitMqMessage", "RabbitMqMessage", "{AC294E14-110B-4F43-93E2-9692C41E3903}"
EndProject
Project("{9A19103F-16F7-4668-BE54-9A1E7A4F7556}") = "RabbitMQMessageApi", "RabbitMQMessage\RabbitMQMessageApi\RabbitMQMessageApi.csproj", "{A9DED8B6-1F9F-429F-92FC-BBD1140400FE}"
EndProject
Project("{9A19103F-16F7-4668-BE54-9A1E7A4F7556}") = "MultiShop.RapidApiWebUI", "RapidApi\MultiShop.RapidApiWebUI\MultiShop.RapidApiWebUI.csproj", "{9ECB9AF1-FBAC-4ACD-9143-FF69FD8A0377}"
EndProject
Global
	GlobalSection(SolutionConfigurationPlatforms) = preSolution
		Debug|Any CPU = Debug|Any CPU
		Release|Any CPU = Release|Any CPU
	EndGlobalSection
	GlobalSection(ProjectConfigurationPlatforms) = postSolution
		{A066CE09-490E-4208-8491-116A5578E708}.Debug|Any CPU.ActiveCfg = Debug|Any CPU
		{A066CE09-490E-4208-8491-116A5578E708}.Debug|Any CPU.Build.0 = Debug|Any CPU
		{A066CE09-490E-4208-8491-116A5578E708}.Release|Any CPU.ActiveCfg = Release|Any CPU
		{A066CE09-490E-4208-8491-116A5578E708}.Release|Any CPU.Build.0 = Release|Any CPU
		{81734052-5024-4AAD-B694-FBB177009129}.Debug|Any CPU.ActiveCfg = Debug|Any CPU
		{81734052-5024-4AAD-B694-FBB177009129}.Debug|Any CPU.Build.0 = Debug|Any CPU
		{81734052-5024-4AAD-B694-FBB177009129}.Release|Any CPU.ActiveCfg = Release|Any CPU
		{81734052-5024-4AAD-B694-FBB177009129}.Release|Any CPU.Build.0 = Release|Any CPU
		{C0081B39-3D72-42EC-91B5-AE64234707E2}.Debug|Any CPU.ActiveCfg = Debug|Any CPU
		{C0081B39-3D72-42EC-91B5-AE64234707E2}.Debug|Any CPU.Build.0 = Debug|Any CPU
		{C0081B39-3D72-42EC-91B5-AE64234707E2}.Release|Any CPU.ActiveCfg = Release|Any CPU
		{C0081B39-3D72-42EC-91B5-AE64234707E2}.Release|Any CPU.Build.0 = Release|Any CPU
		{051E539D-0012-45C7-AD70-8AA5E15483C6}.Debug|Any CPU.ActiveCfg = Debug|Any CPU
		{051E539D-0012-45C7-AD70-8AA5E15483C6}.Debug|Any CPU.Build.0 = Debug|Any CPU
		{051E539D-0012-45C7-AD70-8AA5E15483C6}.Release|Any CPU.ActiveCfg = Release|Any CPU
		{051E539D-0012-45C7-AD70-8AA5E15483C6}.Release|Any CPU.Build.0 = Release|Any CPU
		{6FA0C47B-4D82-4959-8954-1BCD9B64D4D5}.Debug|Any CPU.ActiveCfg = Debug|Any CPU
		{6FA0C47B-4D82-4959-8954-1BCD9B64D4D5}.Debug|Any CPU.Build.0 = Debug|Any CPU
		{6FA0C47B-4D82-4959-8954-1BCD9B64D4D5}.Release|Any CPU.ActiveCfg = Release|Any CPU
		{6FA0C47B-4D82-4959-8954-1BCD9B64D4D5}.Release|Any CPU.Build.0 = Release|Any CPU
		{6D7E01A3-AF80-4B84-8D0B-BB010E65D745}.Debug|Any CPU.ActiveCfg = Debug|Any CPU
		{6D7E01A3-AF80-4B84-8D0B-BB010E65D745}.Debug|Any CPU.Build.0 = Debug|Any CPU
		{6D7E01A3-AF80-4B84-8D0B-BB010E65D745}.Release|Any CPU.ActiveCfg = Release|Any CPU
		{6D7E01A3-AF80-4B84-8D0B-BB010E65D745}.Release|Any CPU.Build.0 = Release|Any CPU
		{48CCDFD5-2D2D-484E-82E3-7F38A565B27F}.Debug|Any CPU.ActiveCfg = Debug|Any CPU
		{48CCDFD5-2D2D-484E-82E3-7F38A565B27F}.Debug|Any CPU.Build.0 = Debug|Any CPU
		{48CCDFD5-2D2D-484E-82E3-7F38A565B27F}.Release|Any CPU.ActiveCfg = Release|Any CPU
		{48CCDFD5-2D2D-484E-82E3-7F38A565B27F}.Release|Any CPU.Build.0 = Release|Any CPU
		{0FE91C6C-3FE3-47C3-B519-60C3685CE893}.Debug|Any CPU.ActiveCfg = Debug|Any CPU
		{0FE91C6C-3FE3-47C3-B519-60C3685CE893}.Debug|Any CPU.Build.0 = Debug|Any CPU
		{0FE91C6C-3FE3-47C3-B519-60C3685CE893}.Release|Any CPU.ActiveCfg = Release|Any CPU
		{0FE91C6C-3FE3-47C3-B519-60C3685CE893}.Release|Any CPU.Build.0 = Release|Any CPU
		{600A34B0-7743-41BE-A273-1A7008AC79E0}.Debug|Any CPU.ActiveCfg = Debug|Any CPU
		{600A34B0-7743-41BE-A273-1A7008AC79E0}.Debug|Any CPU.Build.0 = Debug|Any CPU
		{600A34B0-7743-41BE-A273-1A7008AC79E0}.Release|Any CPU.ActiveCfg = Release|Any CPU
		{600A34B0-7743-41BE-A273-1A7008AC79E0}.Release|Any CPU.Build.0 = Release|Any CPU
		{1DCCE3E6-2CF2-4329-AB04-EF2566D6C105}.Debug|Any CPU.ActiveCfg = Debug|Any CPU
		{1DCCE3E6-2CF2-4329-AB04-EF2566D6C105}.Debug|Any CPU.Build.0 = Debug|Any CPU
		{1DCCE3E6-2CF2-4329-AB04-EF2566D6C105}.Release|Any CPU.ActiveCfg = Release|Any CPU
		{1DCCE3E6-2CF2-4329-AB04-EF2566D6C105}.Release|Any CPU.Build.0 = Release|Any CPU
		{02A89707-D33D-4656-9620-C8CE90071FF0}.Debug|Any CPU.ActiveCfg = Debug|Any CPU
		{02A89707-D33D-4656-9620-C8CE90071FF0}.Debug|Any CPU.Build.0 = Debug|Any CPU
		{02A89707-D33D-4656-9620-C8CE90071FF0}.Release|Any CPU.ActiveCfg = Release|Any CPU
		{02A89707-D33D-4656-9620-C8CE90071FF0}.Release|Any CPU.Build.0 = Release|Any CPU
		{10771B1F-1092-4DB8-A473-C61F52BB8841}.Debug|Any CPU.ActiveCfg = Debug|Any CPU
		{10771B1F-1092-4DB8-A473-C61F52BB8841}.Debug|Any CPU.Build.0 = Debug|Any CPU
		{10771B1F-1092-4DB8-A473-C61F52BB8841}.Release|Any CPU.ActiveCfg = Release|Any CPU
		{10771B1F-1092-4DB8-A473-C61F52BB8841}.Release|Any CPU.Build.0 = Release|Any CPU
		{1AB47A2B-BCDD-4447-8D70-61D0524D2964}.Debug|Any CPU.ActiveCfg = Debug|Any CPU
		{1AB47A2B-BCDD-4447-8D70-61D0524D2964}.Debug|Any CPU.Build.0 = Debug|Any CPU
		{1AB47A2B-BCDD-4447-8D70-61D0524D2964}.Release|Any CPU.ActiveCfg = Release|Any CPU
		{1AB47A2B-BCDD-4447-8D70-61D0524D2964}.Release|Any CPU.Build.0 = Release|Any CPU
		{5E1C10D1-1813-426D-AA4C-23DD0384C8B7}.Debug|Any CPU.ActiveCfg = Debug|Any CPU
		{5E1C10D1-1813-426D-AA4C-23DD0384C8B7}.Debug|Any CPU.Build.0 = Debug|Any CPU
		{5E1C10D1-1813-426D-AA4C-23DD0384C8B7}.Release|Any CPU.ActiveCfg = Release|Any CPU
		{5E1C10D1-1813-426D-AA4C-23DD0384C8B7}.Release|Any CPU.Build.0 = Release|Any CPU
		{E79D133A-BCB2-4A2C-B191-BE6A5A146B2B}.Debug|Any CPU.ActiveCfg = Debug|Any CPU
		{E79D133A-BCB2-4A2C-B191-BE6A5A146B2B}.Debug|Any CPU.Build.0 = Debug|Any CPU
		{E79D133A-BCB2-4A2C-B191-BE6A5A146B2B}.Release|Any CPU.ActiveCfg = Release|Any CPU
		{E79D133A-BCB2-4A2C-B191-BE6A5A146B2B}.Release|Any CPU.Build.0 = Release|Any CPU
		{C63CDA4F-2544-4F72-BE7C-59403E77AA2A}.Debug|Any CPU.ActiveCfg = Debug|Any CPU
		{C63CDA4F-2544-4F72-BE7C-59403E77AA2A}.Debug|Any CPU.Build.0 = Debug|Any CPU
		{C63CDA4F-2544-4F72-BE7C-59403E77AA2A}.Release|Any CPU.ActiveCfg = Release|Any CPU
		{C63CDA4F-2544-4F72-BE7C-59403E77AA2A}.Release|Any CPU.Build.0 = Release|Any CPU
		{EFD56BBC-EC6F-48A4-8410-05B7B4B916C7}.Debug|Any CPU.ActiveCfg = Debug|Any CPU
		{EFD56BBC-EC6F-48A4-8410-05B7B4B916C7}.Debug|Any CPU.Build.0 = Debug|Any CPU
		{EFD56BBC-EC6F-48A4-8410-05B7B4B916C7}.Release|Any CPU.ActiveCfg = Release|Any CPU
		{EFD56BBC-EC6F-48A4-8410-05B7B4B916C7}.Release|Any CPU.Build.0 = Release|Any CPU
		{60BB7D7E-AF68-4389-8617-4669144AC3F5}.Debug|Any CPU.ActiveCfg = Debug|Any CPU
		{60BB7D7E-AF68-4389-8617-4669144AC3F5}.Debug|Any CPU.Build.0 = Debug|Any CPU
		{60BB7D7E-AF68-4389-8617-4669144AC3F5}.Release|Any CPU.ActiveCfg = Release|Any CPU
		{60BB7D7E-AF68-4389-8617-4669144AC3F5}.Release|Any CPU.Build.0 = Release|Any CPU
		{6B833AD9-942E-4876-8158-21CE457C872D}.Debug|Any CPU.ActiveCfg = Debug|Any CPU
		{6B833AD9-942E-4876-8158-21CE457C872D}.Debug|Any CPU.Build.0 = Debug|Any CPU
		{6B833AD9-942E-4876-8158-21CE457C872D}.Release|Any CPU.ActiveCfg = Release|Any CPU
		{6B833AD9-942E-4876-8158-21CE457C872D}.Release|Any CPU.Build.0 = Release|Any CPU
		{74BAEDC2-A928-4BE6-A9F4-163C2955655F}.Debug|Any CPU.ActiveCfg = Debug|Any CPU
		{74BAEDC2-A928-4BE6-A9F4-163C2955655F}.Debug|Any CPU.Build.0 = Debug|Any CPU
		{74BAEDC2-A928-4BE6-A9F4-163C2955655F}.Release|Any CPU.ActiveCfg = Release|Any CPU
		{74BAEDC2-A928-4BE6-A9F4-163C2955655F}.Release|Any CPU.Build.0 = Release|Any CPU
		{812D8750-E1B2-44E1-AC9F-38669AE6A5A9}.Debug|Any CPU.ActiveCfg = Debug|Any CPU
		{812D8750-E1B2-44E1-AC9F-38669AE6A5A9}.Debug|Any CPU.Build.0 = Debug|Any CPU
		{812D8750-E1B2-44E1-AC9F-38669AE6A5A9}.Release|Any CPU.ActiveCfg = Release|Any CPU
		{812D8750-E1B2-44E1-AC9F-38669AE6A5A9}.Release|Any CPU.Build.0 = Release|Any CPU
		{A9DED8B6-1F9F-429F-92FC-BBD1140400FE}.Debug|Any CPU.ActiveCfg = Debug|Any CPU
		{A9DED8B6-1F9F-429F-92FC-BBD1140400FE}.Debug|Any CPU.Build.0 = Debug|Any CPU
		{A9DED8B6-1F9F-429F-92FC-BBD1140400FE}.Release|Any CPU.ActiveCfg = Release|Any CPU
		{A9DED8B6-1F9F-429F-92FC-BBD1140400FE}.Release|Any CPU.Build.0 = Release|Any CPU
		{9ECB9AF1-FBAC-4ACD-9143-FF69FD8A0377}.Debug|Any CPU.ActiveCfg = Debug|Any CPU
		{9ECB9AF1-FBAC-4ACD-9143-FF69FD8A0377}.Debug|Any CPU.Build.0 = Debug|Any CPU
		{9ECB9AF1-FBAC-4ACD-9143-FF69FD8A0377}.Release|Any CPU.ActiveCfg = Release|Any CPU
		{9ECB9AF1-FBAC-4ACD-9143-FF69FD8A0377}.Release|Any CPU.Build.0 = Release|Any CPU
	EndGlobalSection
	GlobalSection(SolutionProperties) = preSolution
		HideSolutionNode = FALSE
	EndGlobalSection
	GlobalSection(NestedProjects) = preSolution
		{D7DD8FCC-F1F3-49BA-9CE5-C7C86B5D8B88} = {244B13F9-25DF-4267-AE4E-0BA40F9786CC}
		{A066CE09-490E-4208-8491-116A5578E708} = {D7DD8FCC-F1F3-49BA-9CE5-C7C86B5D8B88}
		{6A584956-1D2A-4A69-AE03-7B690D31435A} = {244B13F9-25DF-4267-AE4E-0BA40F9786CC}
		{81734052-5024-4AAD-B694-FBB177009129} = {6A584956-1D2A-4A69-AE03-7B690D31435A}
		{957D8781-C7CD-4C4B-AC42-4B3C54E185DC} = {244B13F9-25DF-4267-AE4E-0BA40F9786CC}
		{811AB96C-43A9-4C62-BFC2-DAB1D6DD93C6} = {957D8781-C7CD-4C4B-AC42-4B3C54E185DC}
		{3A431CD2-C8ED-40EC-A8A0-F04ECD7B5631} = {957D8781-C7CD-4C4B-AC42-4B3C54E185DC}
		{381CA212-B895-4A56-B613-2A099102546A} = {957D8781-C7CD-4C4B-AC42-4B3C54E185DC}
		{C0081B39-3D72-42EC-91B5-AE64234707E2} = {3A431CD2-C8ED-40EC-A8A0-F04ECD7B5631}
		{051E539D-0012-45C7-AD70-8AA5E15483C6} = {3A431CD2-C8ED-40EC-A8A0-F04ECD7B5631}
		{6FA0C47B-4D82-4959-8954-1BCD9B64D4D5} = {381CA212-B895-4A56-B613-2A099102546A}
		{6D7E01A3-AF80-4B84-8D0B-BB010E65D745} = {811AB96C-43A9-4C62-BFC2-DAB1D6DD93C6}
		{48CCDFD5-2D2D-484E-82E3-7F38A565B27F} = {15A06FAB-2E82-436B-8439-30A5BD4B3BDB}
		{D51A039F-E47C-4584-900B-281E6DBD142B} = {244B13F9-25DF-4267-AE4E-0BA40F9786CC}
		{0FE91C6C-3FE3-47C3-B519-60C3685CE893} = {D51A039F-E47C-4584-900B-281E6DBD142B}
		{600A34B0-7743-41BE-A273-1A7008AC79E0} = {D51A039F-E47C-4584-900B-281E6DBD142B}
		{1DCCE3E6-2CF2-4329-AB04-EF2566D6C105} = {D51A039F-E47C-4584-900B-281E6DBD142B}
		{02A89707-D33D-4656-9620-C8CE90071FF0} = {D51A039F-E47C-4584-900B-281E6DBD142B}
		{10771B1F-1092-4DB8-A473-C61F52BB8841} = {D51A039F-E47C-4584-900B-281E6DBD142B}
		{1AB47A2B-BCDD-4447-8D70-61D0524D2964} = {BF9DAB66-20A1-41EC-9350-0E153039E8C2}
		{5E1C10D1-1813-426D-AA4C-23DD0384C8B7} = {C243FB17-8180-430A-8F5B-FAFFEB28B03C}
		{E79D133A-BCB2-4A2C-B191-BE6A5A146B2B} = {C243FB17-8180-430A-8F5B-FAFFEB28B03C}
		{077BF29B-D7AF-4B75-90BF-90B6C0384C40} = {244B13F9-25DF-4267-AE4E-0BA40F9786CC}
		{C63CDA4F-2544-4F72-BE7C-59403E77AA2A} = {077BF29B-D7AF-4B75-90BF-90B6C0384C40}
		{EFD56BBC-EC6F-48A4-8410-05B7B4B916C7} = {DB2F586B-1AA9-4B31-8234-7293A7365760}
		{25337625-F967-4752-BB5C-CF9DA825ADEB} = {244B13F9-25DF-4267-AE4E-0BA40F9786CC}
		{5FACF57C-7F63-4B40-B370-1ACFDB300827} = {244B13F9-25DF-4267-AE4E-0BA40F9786CC}
		{60BB7D7E-AF68-4389-8617-4669144AC3F5} = {25337625-F967-4752-BB5C-CF9DA825ADEB}
		{6B833AD9-942E-4876-8158-21CE457C872D} = {5FACF57C-7F63-4B40-B370-1ACFDB300827}
		{BF9DAB66-20A1-41EC-9350-0E153039E8C2} = {244B13F9-25DF-4267-AE4E-0BA40F9786CC}
		{B86CF175-70EB-4D03-BB23-B9A7829E4DB4} = {244B13F9-25DF-4267-AE4E-0BA40F9786CC}
		{74BAEDC2-A928-4BE6-A9F4-163C2955655F} = {B86CF175-70EB-4D03-BB23-B9A7829E4DB4}
		{812D8750-E1B2-44E1-AC9F-38669AE6A5A9} = {33A67442-88E2-49F1-AEF7-33ED1A1A18B2}
		{33A67442-88E2-49F1-AEF7-33ED1A1A18B2} = {244B13F9-25DF-4267-AE4E-0BA40F9786CC}
		{A9DED8B6-1F9F-429F-92FC-BBD1140400FE} = {AC294E14-110B-4F43-93E2-9692C41E3903}
		{9ECB9AF1-FBAC-4ACD-9143-FF69FD8A0377} = {46F2ED81-2FB4-49EC-AEDA-2035C1B43666}
	EndGlobalSection
	GlobalSection(ExtensibilityGlobals) = postSolution
		SolutionGuid = {584D7814-D8C7-446C-BEBF-5D4219238A1A}
	EndGlobalSection
EndGlobal
